
Microsoft Visual Studio Solution File, Format Version 12.00
# Visual Studio Version 17
VisualStudioVersion = 17.14.36414.22 d17.14
MinimumVisualStudioVersion = 10.0.40219.1
Project("{FAE04EC0-301F-11D3-BF4B-00C04F79EFBC}") = "Assignment2", "Assignment2.csproj", "{EC0B7DD6-01E2-44B0-A3A1-7BFB13DF4935}"
EndProject
Global
	GlobalSection(SolutionConfigurationPlatforms) = preSolution
		Debug|Any CPU = Debug|Any CPU
		Release|Any CPU = Release|Any CPU
	EndGlobalSection
	GlobalSection(ProjectConfigurationPlatforms) = postSolution
		{EC0B7DD6-01E2-44B0-A3A1-7BFB13DF4935}.Debug|Any CPU.ActiveCfg = Debug|Any CPU
		{EC0B7DD6-01E2-44B0-A3A1-7BFB13DF4935}.Debug|Any CPU.Build.0 = Debug|Any CPU
		{EC0B7DD6-01E2-44B0-A3A1-7BFB13DF4935}.Release|Any CPU.ActiveCfg = Release|Any CPU
		{EC0B7DD6-01E2-44B0-A3A1-7BFB13DF4935}.Release|Any CPU.Build.0 = Release|Any CPU
	EndGlobalSection
	GlobalSection(SolutionProperties) = preSolution
		HideSolutionNode = FALSE
	EndGlobalSection
	GlobalSection(ExtensibilityGlobals) = postSolution
		SolutionGuid = {329FD5D8-8A59-449E-9EC7-551632116F4B}
	EndGlobalSection
EndGlobal
